
Microsoft Visual Studio Solution File, Format Version 12.00
# Visual Studio 16
Project("{FAE04EC0-301F-11D3-BF4B-00C04F79EFBC}") = "Assembly-CSharp", "Assembly-CSharp.csproj", "{662820E8-7ABA-023A-D8B6-DEE046423946}"
EndProject
Global
	GlobalSection(SolutionConfigurationPlatforms) = preSolution
		Debug|Any CPU = Debug|Any CPU
		Release|Any CPU = Release|Any CPU
	EndGlobalSection
	GlobalSection(ProjectConfigurationPlatforms) = postSolution
		{662820E8-7ABA-023A-D8B6-DEE046423946}.Debug|Any CPU.ActiveCfg = Debug|Any CPU
		{662820E8-7ABA-023A-D8B6-DEE046423946}.Debug|Any CPU.Build.0 = Debug|Any CPU
		{662820E8-7ABA-023A-D8B6-DEE046423946}.Release|Any CPU.ActiveCfg = Release|Any CPU
		{662820E8-7ABA-023A-D8B6-DEE046423946}.Release|Any CPU.Build.0 = Release|Any CPU
	EndGlobalSection
	GlobalSection(SolutionProperties) = preSolution
		HideSolutionNode = FALSE
	EndGlobalSection
EndGlobal
